
Microsoft Visual Studio Solution File, Format Version 12.00
# Visual Studio Version 17
VisualStudioVersion = 17.10.34916.146
MinimumVisualStudioVersion = 10.0.40219.1
Project("{FAE04EC0-301F-11D3-BF4B-00C04F79EFBC}") = "CommunityApp", "CommunityApp\CommunityApp.csproj", "{C9553BDE-59B0-4CC2-B56F-C6D7BF3156D7}"
EndProject
Global
	GlobalSection(SolutionConfigurationPlatforms) = preSolution
		Debug|Any CPU = Debug|Any CPU
		Release|Any CPU = Release|Any CPU
	EndGlobalSection
	GlobalSection(ProjectConfigurationPlatforms) = postSolution
		{C9553BDE-59B0-4CC2-B56F-C6D7BF3156D7}.Debug|Any CPU.ActiveCfg = Debug|Any CPU
		{C9553BDE-59B0-4CC2-B56F-C6D7BF3156D7}.Debug|Any CPU.Build.0 = Debug|Any CPU
		{C9553BDE-59B0-4CC2-B56F-C6D7BF3156D7}.Release|Any CPU.ActiveCfg = Release|Any CPU
		{C9553BDE-59B0-4CC2-B56F-C6D7BF3156D7}.Release|Any CPU.Build.0 = Release|Any CPU
	EndGlobalSection
	GlobalSection(SolutionProperties) = preSolution
		HideSolutionNode = FALSE
	EndGlobalSection
	GlobalSection(ExtensibilityGlobals) = postSolution
		SolutionGuid = {3F8E8355-93E0-4334-B558-6215FBA04AEB}
	EndGlobalSection
EndGlobal
